// !$*UTF8*$!
{
	archiveVersion = 1;
	classes = {
	};
	objectVersion = 77;
	objects = {

/* Begin PBXBuildFile section */
		D01BD4A52FC6E8EA00494550 /* Gateway in Frameworks */ = {isa = PBXBuildFile; productRef = D01BD4A42FC6E8EA00494550 /* Gateway */; };
		D04646672FC60F4900B6B6E1 /* UI in Frameworks */ = {isa = PBXBuildFile; productRef = D04646662FC60F4900B6B6E1 /* UI */; };
		D05617CC2FC618910052C487 /* UI in Frameworks */ = {isa = PBXBuildFile; productRef = D05617CB2FC618910052C487 /* UI */; };
		D05617CF2FC61A440052C487 /* UI in Frameworks */ = {isa = PBXBuildFile; productRef = D05617CE2FC61A440052C487 /* UI */; };
/* End PBXBuildFile section */

/* Begin PBXContainerItemProxy section */
		D07F3CEF2FBE35C2001B5E0B /* PBXContainerItemProxy */ = {
			isa = PBXContainerItemProxy;
			containerPortal = D07F3CD72FBE35C1001B5E0B /* Project object */;
			proxyType = 1;
			remoteGlobalIDString = D07F3CDE2FBE35C1001B5E0B;
			remoteInfo = nearby;
		};
		D07F3CF92FBE35C2001B5E0B /* PBXContainerItemProxy */ = {
			isa = PBXContainerItemProxy;
			containerPortal = D07F3CD72FBE35C1001B5E0B /* Project object */;
			proxyType = 1;
			remoteGlobalIDString = D07F3CDE2FBE35C1001B5E0B;
			remoteInfo = nearby;
		};
/* End PBXContainerItemProxy section */

/* Begin PBXFileReference section */
		D07F3CDF2FBE35C1001B5E0B /* nearby.app */ = {isa = PBXFileReference; explicitFileType = wrapper.application; includeInIndex = 0; path = nearby.app; sourceTree = BUILT_PRODUCTS_DIR; };
		D07F3CEE2FBE35C2001B5E0B /* nearbyTests.xctest */ = {isa = PBXFileReference; explicitFileType = wrapper.cfbundle; includeInIndex = 0; path = nearbyTests.xctest; sourceTree = BUILT_PRODUCTS_DIR; };
		D07F3CF82FBE35C2001B5E0B /* nearbyUITests.xctest */ = {isa = PBXFileReference; explicitFileType = wrapper.cfbundle; includeInIndex = 0; path = nearbyUITests.xctest; sourceTree = BUILT_PRODUCTS_DIR; };
/* End PBXFileReference section */

/* Begin PBXFileSystemSynchronizedRootGroup section */
		D07F3CE12FBE35C1001B5E0B /* nearby */ = {
			isa = PBXFileSystemSynchronizedRootGroup;
			path = nearby;
			sourceTree = "<group>";
		};
		D07F3CF12FBE35C2001B5E0B /* nearbyTests */ = {
			isa = PBXFileSystemSynchronizedRootGroup;
			path = nearbyTests;
			sourceTree = "<group>";
		};
		D07F3CFB2FBE35C2001B5E0B /* nearbyUITests */ = {
			isa = PBXFileSystemSynchronizedRootGroup;
			path = nearbyUITests;
			sourceTree = "<group>";
		};
/* End PBXFileSystemSynchronizedRootGroup section */

/* Begin PBXFrameworksBuildPhase section */
		D07F3CDC2FBE35C1001B5E0B /* Frameworks */ = {
			isa = PBXFrameworksBuildPhase;
			buildActionMask = 2147483647;
			files = (
				D05617CC2FC618910052C487 /* UI in Frameworks */,
				D01BD4A52FC6E8EA00494550 /* Gateway in Frameworks */,
				D05617CF2FC61A440052C487 /* UI in Frameworks */,
				D04646672FC60F4900B6B6E1 /* UI in Frameworks */,
			);
			runOnlyForDeploymentPostprocessing = 0;
		};
		D07F3CEB2FBE35C2001B5E0B /* Frameworks */ = {
			isa = PBXFrameworksBuildPhase;
			buildActionMask = 2147483647;
			files = (
			);
			runOnlyForDeploymentPostprocessing = 0;
		};
		D07F3CF52FBE35C2001B5E0B /* Frameworks */ = {
			isa = PBXFrameworksBuildPhase;
			buildActionMask = 2147483647;
			files = (
			);
			runOnlyForDeploymentPostprocessing = 0;
		};
/* End PBXFrameworksBuildPhase section */

/* Begin PBXGroup section */
		D07F3CD62FBE35C1001B5E0B = {
			isa = PBXGroup;
			children = (
				D07F3CE12FBE35C1001B5E0B /* nearby */,
				D07F3CF12FBE35C2001B5E0B /* nearbyTests */,
				D07F3CFB2FBE35C2001B5E0B /* nearbyUITests */,
				D07F3CE02FBE35C1001B5E0B /* Products */,
			);
			sourceTree = "<group>";
		};
		D07F3CE02FBE35C1001B5E0B /* Products */ = {
			isa = PBXGroup;
			children = (
				D07F3CDF2FBE35C1001B5E0B /* nearby.app */,
				D07F3CEE2FBE35C2001B5E0B /* nearbyTests.xctest */,
				D07F3CF82FBE35C2001B5E0B /* nearbyUITests.xctest */,
			);
			name = Products;
			sourceTree = "<group>";
		};
/* End PBXGroup section */

/* Begin PBXNativeTarget section */
		D07F3CDE2FBE35C1001B5E0B /* nearby */ = {
			isa = PBXNativeTarget;
			buildConfigurationList = D07F3D022FBE35C2001B5E0B /* Build configuration list for PBXNativeTarget "nearby" */;
			buildPhases = (
				D07F3CDB2FBE35C1001B5E0B /* Sources */,
				D07F3CDC2FBE35C1001B5E0B /* Frameworks */,
				D07F3CDD2FBE35C1001B5E0B /* Resources */,
			);
			buildRules = (
			);
			dependencies = (
			);
			fileSystemSynchronizedGroups = (
				D07F3CE12FBE35C1001B5E0B /* nearby */,
			);
			name = nearby;
			packageProductDependencies = (
				D04646662FC60F4900B6B6E1 /* UI */,
				D05617CB2FC618910052C487 /* UI */,
				D05617CE2FC61A440052C487 /* UI */,
				D01BD4A42FC6E8EA00494550 /* Gateway */,
			);
			productName = nearby;
			productReference = D07F3CDF2FBE35C1001B5E0B /* nearby.app */;
			productType = "com.apple.product-type.application";
		};
		D07F3CED2FBE35C2001B5E0B /* nearbyTests */ = {
			isa = PBXNativeTarget;
			buildConfigurationList = D07F3D052FBE35C2001B5E0B /* Build configuration list for PBXNativeTarget "nearbyTests" */;
			buildPhases = (
				D07F3CEA2FBE35C2001B5E0B /* Sources */,
				D07F3CEB2FBE35C2001B5E0B /* Frameworks */,
				D07F3CEC2FBE35C2001B5E0B /* Resources */,
			);
			buildRules = (
			);
			dependencies = (
				D07F3CF02FBE35C2001B5E0B /* PBXTargetDependency */,
			);
			fileSystemSynchronizedGroups = (
				D07F3CF12FBE35C2001B5E0B /* nearbyTests */,
			);
			name = nearbyTests;
			packageProductDependencies = (
			);
			productName = nearbyTests;
			productReference = D07F3CEE2FBE35C2001B5E0B /* nearbyTests.xctest */;
			productType = "com.apple.product-type.bundle.unit-test";
		};
		D07F3CF72FBE35C2001B5E0B /* nearbyUITests */ = {
			isa = PBXNativeTarget;
			buildConfigurationList = D07F3D082FBE35C2001B5E0B /* Build configuration list for PBXNativeTarget "nearbyUITests" */;
			buildPhases = (
				D07F3CF42FBE35C2001B5E0B /* Sources */,
				D07F3CF52FBE35C2001B5E0B /* Frameworks */,
				D07F3CF62FBE35C2001B5E0B /* Resources */,
			);
			buildRules = (
			);
			dependencies = (
				D07F3CFA2FBE35C2001B5E0B /* PBXTargetDependency */,
			);
			fileSystemSynchronizedGroups = (
				D07F3CFB2FBE35C2001B5E0B /* nearbyUITests */,
			);
			name = nearbyUITests;
			packageProductDependencies = (
			);
			productName = nearbyUITests;
			productReference = D07F3CF82FBE35C2001B5E0B /* nearbyUITests.xctest */;
			productType = "com.apple.product-type.bundle.ui-testing";
		};
/* End PBXNativeTarget section */

/* Begin PBXProject section */
		D07F3CD72FBE35C1001B5E0B /* Project object */ = {
			isa = PBXProject;
			attributes = {
				BuildIndependentTargetsInParallel = 1;
				LastSwiftUpdateCheck = 2630;
				LastUpgradeCheck = 2630;
				TargetAttributes = {
					D07F3CDE2FBE35C1001B5E0B = {
						CreatedOnToolsVersion = 26.3;
					};
					D07F3CED2FBE35C2001B5E0B = {
						CreatedOnToolsVersion = 26.3;
						TestTargetID = D07F3CDE2FBE35C1001B5E0B;
					};
					D07F3CF72FBE35C2001B5E0B = {
						CreatedOnToolsVersion = 26.3;
						TestTargetID = D07F3CDE2FBE35C1001B5E0B;
					};
				};
			};
			buildConfigurationList = D07F3CDA2FBE35C1001B5E0B /* Build configuration list for PBXProject "nearby" */;
			developmentRegion = en;
			hasScannedForEncodings = 0;
			knownRegions = (
				en,
				Base,
			);
			mainGroup = D07F3CD62FBE35C1001B5E0B;
			minimizedProjectReferenceProxies = 1;
			packageReferences = (
				D05617CD2FC61A440052C487 /* XCLocalSwiftPackageReference "../../packages/ui" */,
				D01BD4A32FC6E8EA00494550 /* XCLocalSwiftPackageReference "../../packages/gateway/Core" */,
			);
			preferredProjectObjectVersion = 77;
			productRefGroup = D07F3CE02FBE35C1001B5E0B /* Products */;
			projectDirPath = "";
			projectRoot = "";
			targets = (
				D07F3CDE2FBE35C1001B5E0B /* nearby */,
				D07F3CED2FBE35C2001B5E0B /* nearbyTests */,
				D07F3CF72FBE35C2001B5E0B /* nearbyUITests */,
			);
		};
/* End PBXProject section */

/* Begin PBXResourcesBuildPhase section */
		D07F3CDD2FBE35C1001B5E0B /* Resources */ = {
			isa = PBXResourcesBuildPhase;
			buildActionMask = 2147483647;
			files = (
			);
			runOnlyForDeploymentPostprocessing = 0;
		};
		D07F3CEC2FBE35C2001B5E0B /* Resources */ = {
			isa = PBXResourcesBuildPhase;
			buildActionMask = 2147483647;
			files = (
			);
			runOnlyForDeploymentPostprocessing = 0;
		};
		D07F3CF62FBE35C2001B5E0B /* Resources */ = {
			isa = PBXResourcesBuildPhase;
			buildActionMask = 2147483647;
			files = (
			);
			runOnlyForDeploymentPostprocessing = 0;
		};
/* End PBXResourcesBuildPhase section */

/* Begin PBXSourcesBuildPhase section */
		D07F3CDB2FBE35C1001B5E0B /* Sources */ = {
			isa = PBXSourcesBuildPhase;
			buildActionMask = 2147483647;
			files = (
			);
			runOnlyForDeploymentPostprocessing = 0;
		};
		D07F3CEA2FBE35C2001B5E0B /* Sources */ = {
			isa = PBXSourcesBuildPhase;
			buildActionMask = 2147483647;
			files = (
			);
			runOnlyForDeploymentPostprocessing = 0;
		};
		D07F3CF42FBE35C2001B5E0B /* Sources */ = {
			isa = PBXSourcesBuildPhase;
			buildActionMask = 2147483647;
			files = (
			);
			runOnlyForDeploymentPostprocessing = 0;
		};
/* End PBXSourcesBuildPhase section */

/* Begin PBXTargetDependency section */
		D07F3CF02FBE35C2001B5E0B /* PBXTargetDependency */ = {
			isa = PBXTargetDependency;
			target = D07F3CDE2FBE35C1001B5E0B /* nearby */;
			targetProxy = D07F3CEF2FBE35C2001B5E0B /* PBXContainerItemProxy */;
		};
		D07F3CFA2FBE35C2001B5E0B /* PBXTargetDependency */ = {
			isa = PBXTargetDependency;
			target = D07F3CDE2FBE35C1001B5E0B /* nearby */;
			targetProxy = D07F3CF92FBE35C2001B5E0B /* PBXContainerItemProxy */;
		};
/* End PBXTargetDependency section */

/* Begin XCBuildConfiguration section */
		D07F3D002FBE35C2001B5E0B /* Debug */ = {
			isa = XCBuildConfiguration;
			buildSettings = {
				ALWAYS_SEARCH_USER_PATHS = NO;
				ASSETCATALOG_COMPILER_GENERATE_SWIFT_ASSET_SYMBOL_EXTENSIONS = YES;
				CLANG_ANALYZER_NONNULL = YES;
				CLANG_ANALYZER_NUMBER_OBJECT_CONVERSION = YES_AGGRESSIVE;
				CLANG_CXX_LANGUAGE_STANDARD = "gnu++20";
				CLANG_ENABLE_MODULES = YES;
				CLANG_ENABLE_OBJC_ARC = YES;
				CLANG_ENABLE_OBJC_WEAK = YES;
				CLANG_WARN_BLOCK_CAPTURE_AUTORELEASING = YES;
				CLANG_WARN_BOOL_CONVERSION = YES;
				CLANG_WARN_COMMA = YES;
				CLANG_WARN_CONSTANT_CONVERSION = YES;
				CLANG_WARN_DEPRECATED_OBJC_IMPLEMENTATIONS = YES;
				CLANG_WARN_DIRECT_OBJC_ISA_USAGE = YES_ERROR;
				CLANG_WARN_DOCUMENTATION_COMMENTS = YES;
				CLANG_WARN_EMPTY_BODY = YES;
				CLANG_WARN_ENUM_CONVERSION = YES;
				CLANG_WARN_INFINITE_RECURSION = YES;
				CLANG_WARN_INT_CONVERSION = YES;
				CLANG_WARN_NON_LITERAL_NULL_CONVERSION = YES;
				CLANG_WARN_OBJC_IMPLICIT_RETAIN_SELF = YES;
				CLANG_WARN_OBJC_LITERAL_CONVERSION = YES;
				CLANG_WARN_OBJC_ROOT_CLASS = YES_ERROR;
				CLANG_WARN_QUOTED_INCLUDE_IN_FRAMEWORK_HEADER = YES;
				CLANG_WARN_RANGE_LOOP_ANALYSIS = YES;
				CLANG_WARN_STRICT_PROTOTYPES = YES;
				CLANG_WARN_SUSPICIOUS_MOVE = YES;
				CLANG_WARN_UNGUARDED_AVAILABILITY = YES_AGGRESSIVE;
				CLANG_WARN_UNREACHABLE_CODE = YES;
				CLANG_WARN__DUPLICATE_METHOD_MATCH = YES;
				COPY_PHASE_STRIP = NO;
				DEBUG_INFORMATION_FORMAT = dwarf;
				DEVELOPMENT_TEAM = QHUBYNZ482;
				ENABLE_STRICT_OBJC_MSGSEND = YES;
				ENABLE_TESTABILITY = YES;
				ENABLE_USER_SCRIPT_SANDBOXING = YES;
				GCC_C_LANGUAGE_STANDARD = gnu17;
				GCC_DYNAMIC_NO_PIC = NO;
				GCC_NO_COMMON_BLOCKS = YES;
				GCC_OPTIMIZATION_LEVEL = 0;
				GCC_PREPROCESSOR_DEFINITIONS = (
					"DEBUG=1",
					"$(inherited)",
				);
				GCC_WARN_64_TO_32_BIT_CONVERSION = YES;
				GCC_WARN_ABOUT_RETURN_TYPE = YES_ERROR;
				GCC_WARN_UNDECLARED_SELECTOR = YES;
				GCC_WARN_UNINITIALIZED_AUTOS = YES_AGGRESSIVE;
				GCC_WARN_UNUSED_FUNCTION = YES;
				GCC_WARN_UNUSED_VARIABLE = YES;
				IPHONEOS_DEPLOYMENT_TARGET = 26.2;
				LOCALIZATION_PREFERS_STRING_CATALOGS = YES;
				MTL_ENABLE_DEBUG_INFO = INCLUDE_SOURCE;
				MTL_FAST_MATH = YES;
				ONLY_ACTIVE_ARCH = YES;
				SDKROOT = iphoneos;
				SWIFT_ACTIVE_COMPILATION_CONDITIONS = "DEBUG $(inherited)";
				SWIFT_OPTIMIZATION_LEVEL = "-Onone";
			};
			name = Debug;
		};
		D07F3D012FBE35C2001B5E0B /* Release */ = {
			isa = XCBuildConfiguration;
			buildSettings = {
				ALWAYS_SEARCH_USER_PATHS = NO;
				ASSETCATALOG_COMPILER_GENERATE_SWIFT_ASSET_SYMBOL_EXTENSIONS = YES;
				CLANG_ANALYZER_NONNULL = YES;
				CLANG_ANALYZER_NUMBER_OBJECT_CONVERSION = YES_AGGRESSIVE;
				CLANG_CXX_LANGUAGE_STANDARD = "gnu++20";
				CLANG_ENABLE_MODULES = YES;
				CLANG_ENABLE_OBJC_ARC = YES;
				CLANG_ENABLE_OBJC_WEAK = YES;
				CLANG_WARN_BLOCK_CAPTURE_AUTORELEASING = YES;
				CLANG_WARN_BOOL_CONVERSION = YES;
				CLANG_WARN_COMMA = YES;
				CLANG_WARN_CONSTANT_CONVERSION = YES;
				CLANG_WARN_DEPRECATED_OBJC_IMPLEMENTATIONS = YES;
				CLANG_WARN_DIRECT_OBJC_ISA_USAGE = YES_ERROR;
				CLANG_WARN_DOCUMENTATION_COMMENTS = YES;
				CLANG_WARN_EMPTY_BODY = YES;
				CLANG_WARN_ENUM_CONVERSION = YES;
				CLANG_WARN_INFINITE_RECURSION = YES;
				CLANG_WARN_INT_CONVERSION = YES;
				CLANG_WARN_NON_LITERAL_NULL_CONVERSION = YES;
				CLANG_WARN_OBJC_IMPLICIT_RETAIN_SELF = YES;
				CLANG_WARN_OBJC_LITERAL_CONVERSION = YES;
				CLANG_WARN_OBJC_ROOT_CLASS = YES_ERROR;
				CLANG_WARN_QUOTED_INCLUDE_IN_FRAMEWORK_HEADER = YES;
				CLANG_WARN_RANGE_LOOP_ANALYSIS = YES;
				CLANG_WARN_STRICT_PROTOTYPES = YES;
				CLANG_WARN_SUSPICIOUS_MOVE = YES;
				CLANG_WARN_UNGUARDED_AVAILABILITY = YES_AGGRESSIVE;
				CLANG_WARN_UNREACHABLE_CODE = YES;
				CLANG_WARN__DUPLICATE_METHOD_MATCH = YES;
				COPY_PHASE_STRIP = NO;
				DEBUG_INFORMATION_FORMAT = "dwarf-with-dsym";
				DEVELOPMENT_TEAM = QHUBYNZ482;
				ENABLE_NS_ASSERTIONS = NO;
				ENABLE_STRICT_OBJC_MSGSEND = YES;
				ENABLE_USER_SCRIPT_SANDBOXING = YES;
				GCC_C_LANGUAGE_STANDARD = gnu17;
				GCC_NO_COMMON_BLOCKS = YES;
				GCC_WARN_64_TO_32_BIT_CONVERSION = YES;
				GCC_WARN_ABOUT_RETURN_TYPE = YES_ERROR;
				GCC_WARN_UNDECLARED_SELECTOR = YES;
				GCC_WARN_UNINITIALIZED_AUTOS = YES_AGGRESSIVE;
				GCC_WARN_UNUSED_FUNCTION = YES;
				GCC_WARN_UNUSED_VARIABLE = YES;
				IPHONEOS_DEPLOYMENT_TARGET = 26.2;
				LOCALIZATION_PREFERS_STRING_CATALOGS = YES;
				MTL_ENABLE_DEBUG_INFO = NO;
				MTL_FAST_MATH = YES;
				SDKROOT = iphoneos;
				SWIFT_COMPILATION_MODE = wholemodule;
				VALIDATE_PRODUCT = YES;
			};
			name = Release;
		};
		D07F3D032FBE35C2001B5E0B /* Debug */ = {
			isa = XCBuildConfiguration;
			buildSettings = {
				ASSETCATALOG_COMPILER_APPICON_NAME = AppIcon;
				ASSETCATALOG_COMPILER_GLOBAL_ACCENT_COLOR_NAME = AccentColor;
				CODE_SIGN_ENTITLEMENTS = nearby/nearby.entitlements;
				CODE_SIGN_STYLE = Automatic;
				CURRENT_PROJECT_VERSION = 1;
				DEVELOPMENT_TEAM = QHUBYNZ482;
				ENABLE_PREVIEWS = YES;
				GENERATE_INFOPLIST_FILE = NO;
				INFOPLIST_FILE = info.plist;
				INFOPLIST_KEY_UIApplicationSceneManifest_Generation = YES;
				INFOPLIST_KEY_UIApplicationSupportsIndirectInputEvents = YES;
				INFOPLIST_KEY_UILaunchScreen_Generation = YES;
				INFOPLIST_KEY_UISupportedInterfaceOrientations_iPad = "UIInterfaceOrientationPortrait UIInterfaceOrientationPortraitUpsideDown UIInterfaceOrientationLandscapeLeft UIInterfaceOrientationLandscapeRight";
				INFOPLIST_KEY_UISupportedInterfaceOrientations_iPhone = "UIInterfaceOrientationPortrait UIInterfaceOrientationLandscapeLeft UIInterfaceOrientationLandscapeRight";
				LD_RUNPATH_SEARCH_PATHS = (
					"$(inherited)",
					"@executable_path/Frameworks",
				);
				MARKETING_VERSION = 1.0;
				PRODUCT_BUNDLE_IDENTIFIER = com.variance.nearby;
				PRODUCT_NAME = "$(TARGET_NAME)";
				STRING_CATALOG_GENERATE_SYMBOLS = YES;
				SWIFT_APPROACHABLE_CONCURRENCY = YES;
				SWIFT_DEFAULT_ACTOR_ISOLATION = MainActor;
				SWIFT_EMIT_LOC_STRINGS = YES;
				SWIFT_UPCOMING_FEATURE_MEMBER_IMPORT_VISIBILITY = YES;
				SWIFT_VERSION = 5.0;
				TARGETED_DEVICE_FAMILY = "1,2";
			};
			name = Debug;
		};
		D07F3D042FBE35C2001B5E0B /* Release */ = {
			isa = XCBuildConfiguration;
			buildSettings = {
				ASSETCATALOG_COMPILER_APPICON_NAME = AppIcon;
				ASSETCATALOG_COMPILER_GLOBAL_ACCENT_COLOR_NAME = AccentColor;
				CODE_SIGN_ENTITLEMENTS = nearby/nearby.entitlements;
				CODE_SIGN_STYLE = Automatic;
				CURRENT_PROJECT_VERSION = 1;
				DEVELOPMENT_TEAM = QHUBYNZ482;
				ENABLE_PREVIEWS = YES;
				GENERATE_INFOPLIST_FILE = NO;
				INFOPLIST_FILE = info.plist;
				INFOPLIST_KEY_UIApplicationSceneManifest_Generation = YES;
				INFOPLIST_KEY_UIApplicationSupportsIndirectInputEvents = YES;
				INFOPLIST_KEY_UILaunchScreen_Generation = YES;
				INFOPLIST_KEY_UISupportedInterfaceOrientations_iPad = "UIInterfaceOrientationPortrait UIInterfaceOrientationPortraitUpsideDown UIInterfaceOrientationLandscapeLeft UIInterfaceOrientationLandscapeRight";
				INFOPLIST_KEY_UISupportedInterfaceOrientations_iPhone = "UIInterfaceOrientationPortrait UIInterfaceOrientationLandscapeLeft UIInterfaceOrientationLandscapeRight";
				LD_RUNPATH_SEARCH_PATHS = (
					"$(inherited)",
					"@executable_path/Frameworks",
				);
				MARKETING_VERSION = 1.0;
				PRODUCT_BUNDLE_IDENTIFIER = com.variance.nearby;
				PRODUCT_NAME = "$(TARGET_NAME)";
				STRING_CATALOG_GENERATE_SYMBOLS = YES;
				SWIFT_APPROACHABLE_CONCURRENCY = YES;
				SWIFT_DEFAULT_ACTOR_ISOLATION = MainActor;
				SWIFT_EMIT_LOC_STRINGS = YES;
				SWIFT_UPCOMING_FEATURE_MEMBER_IMPORT_VISIBILITY = YES;
				SWIFT_VERSION = 5.0;
				TARGETED_DEVICE_FAMILY = "1,2";
			};
			name = Release;
		};
		D07F3D062FBE35C2001B5E0B /* Debug */ = {
			isa = XCBuildConfiguration;
			buildSettings = {
				BUNDLE_LOADER = "$(TEST_HOST)";
				CODE_SIGN_STYLE = Automatic;
				CURRENT_PROJECT_VERSION = 1;
				DEVELOPMENT_TEAM = QHUBYNZ482;
				GENERATE_INFOPLIST_FILE = YES;
				IPHONEOS_DEPLOYMENT_TARGET = 26.2;
				MARKETING_VERSION = 1.0;
				PRODUCT_BUNDLE_IDENTIFIER = com.variance.nearbyTests;
				PRODUCT_NAME = "$(TARGET_NAME)";
				STRING_CATALOG_GENERATE_SYMBOLS = NO;
				SWIFT_APPROACHABLE_CONCURRENCY = YES;
				SWIFT_EMIT_LOC_STRINGS = NO;
				SWIFT_UPCOMING_FEATURE_MEMBER_IMPORT_VISIBILITY = YES;
				SWIFT_VERSION = 5.0;
				TARGETED_DEVICE_FAMILY = "1,2";
				TEST_HOST = "$(BUILT_PRODUCTS_DIR)/nearby.app/$(BUNDLE_EXECUTABLE_FOLDER_PATH)/nearby";
			};
			name = Debug;
		};
		D07F3D072FBE35C2001B5E0B /* Release */ = {
			isa = XCBuildConfiguration;
			buildSettings = {
				BUNDLE_LOADER = "$(TEST_HOST)";
				CODE_SIGN_STYLE = Automatic;
				CURRENT_PROJECT_VERSION = 1;
				DEVELOPMENT_TEAM = QHUBYNZ482;
				GENERATE_INFOPLIST_FILE = YES;
				IPHONEOS_DEPLOYMENT_TARGET = 26.2;
				MARKETING_VERSION = 1.0;
				PRODUCT_BUNDLE_IDENTIFIER = com.variance.nearbyTests;
				PRODUCT_NAME = "$(TARGET_NAME)";
				STRING_CATALOG_GENERATE_SYMBOLS = NO;
				SWIFT_APPROACHABLE_CONCURRENCY = YES;
				SWIFT_EMIT_LOC_STRINGS = NO;
				SWIFT_UPCOMING_FEATURE_MEMBER_IMPORT_VISIBILITY = YES;
				SWIFT_VERSION = 5.0;
				TARGETED_DEVICE_FAMILY = "1,2";
				TEST_HOST = "$(BUILT_PRODUCTS_DIR)/nearby.app/$(BUNDLE_EXECUTABLE_FOLDER_PATH)/nearby";
			};
			name = Release;
		};
		D07F3D092FBE35C2001B5E0B /* Debug */ = {
			isa = XCBuildConfiguration;
			buildSettings = {
				CODE_SIGN_STYLE = Automatic;
				CURRENT_PROJECT_VERSION = 1;
				DEVELOPMENT_TEAM = QHUBYNZ482;
				GENERATE_INFOPLIST_FILE = YES;
				MARKETING_VERSION = 1.0;
				PRODUCT_BUNDLE_IDENTIFIER = com.variance.nearbyUITests;
				PRODUCT_NAME = "$(TARGET_NAME)";
				STRING_CATALOG_GENERATE_SYMBOLS = NO;
				SWIFT_APPROACHABLE_CONCURRENCY = YES;
				SWIFT_EMIT_LOC_STRINGS = NO;
				SWIFT_UPCOMING_FEATURE_MEMBER_IMPORT_VISIBILITY = YES;
				SWIFT_VERSION = 5.0;
				TARGETED_DEVICE_FAMILY = "1,2";
				TEST_TARGET_NAME = nearby;
			};
			name = Debug;
		};
		D07F3D0A2FBE35C2001B5E0B /* Release */ = {
			isa = XCBuildConfiguration;
			buildSettings = {
				CODE_SIGN_STYLE = Automatic;
				CURRENT_PROJECT_VERSION = 1;
				DEVELOPMENT_TEAM = QHUBYNZ482;
				GENERATE_INFOPLIST_FILE = YES;
				MARKETING_VERSION = 1.0;
				PRODUCT_BUNDLE_IDENTIFIER = com.variance.nearbyUITests;
				PRODUCT_NAME = "$(TARGET_NAME)";
				STRING_CATALOG_GENERATE_SYMBOLS = NO;
				SWIFT_APPROACHABLE_CONCURRENCY = YES;
				SWIFT_EMIT_LOC_STRINGS = NO;
				SWIFT_UPCOMING_FEATURE_MEMBER_IMPORT_VISIBILITY = YES;
				SWIFT_VERSION = 5.0;
				TARGETED_DEVICE_FAMILY = "1,2";
				TEST_TARGET_NAME = nearby;
			};
			name = Release;
		};
/* End XCBuildConfiguration section */

/* Begin XCConfigurationList section */
		D07F3CDA2FBE35C1001B5E0B /* Build configuration list for PBXProject "nearby" */ = {
			isa = XCConfigurationList;
			buildConfigurations = (
				D07F3D002FBE35C2001B5E0B /* Debug */,
				D07F3D012FBE35C2001B5E0B /* Release */,
			);
			defaultConfigurationIsVisible = 0;
			defaultConfigurationName = Release;
		};
		D07F3D022FBE35C2001B5E0B /* Build configuration list for PBXNativeTarget "nearby" */ = {
			isa = XCConfigurationList;
			buildConfigurations = (
				D07F3D032FBE35C2001B5E0B /* Debug */,
				D07F3D042FBE35C2001B5E0B /* Release */,
			);
			defaultConfigurationIsVisible = 0;
			defaultConfigurationName = Release;
		};
		D07F3D052FBE35C2001B5E0B /* Build configuration list for PBXNativeTarget "nearbyTests" */ = {
			isa = XCConfigurationList;
			buildConfigurations = (
				D07F3D062FBE35C2001B5E0B /* Debug */,
				D07F3D072FBE35C2001B5E0B /* Release */,
			);
			defaultConfigurationIsVisible = 0;
			defaultConfigurationName = Release;
		};
		D07F3D082FBE35C2001B5E0B /* Build configuration list for PBXNativeTarget "nearbyUITests" */ = {
			isa = XCConfigurationList;
			buildConfigurations = (
				D07F3D092FBE35C2001B5E0B /* Debug */,
				D07F3D0A2FBE35C2001B5E0B /* Release */,
			);
			defaultConfigurationIsVisible = 0;
			defaultConfigurationName = Release;
		};
/* End XCConfigurationList section */

/* Begin XCLocalSwiftPackageReference section */
		D01BD4A32FC6E8EA00494550 /* XCLocalSwiftPackageReference "../../packages/gateway/Core" */ = {
			isa = XCLocalSwiftPackageReference;
			relativePath = ../../packages/gateway/Core;
		};
		D05617CD2FC61A440052C487 /* XCLocalSwiftPackageReference "../../packages/ui" */ = {
			isa = XCLocalSwiftPackageReference;
			relativePath = ../../packages/ui;
		};
/* End XCLocalSwiftPackageReference section */

/* Begin XCSwiftPackageProductDependency section */
		D01BD4A42FC6E8EA00494550 /* Gateway */ = {
			isa = XCSwiftPackageProductDependency;
			productName = Gateway;
		};
		D04646662FC60F4900B6B6E1 /* UI */ = {
			isa = XCSwiftPackageProductDependency;
			productName = UI;
		};
		D05617CB2FC618910052C487 /* UI */ = {
			isa = XCSwiftPackageProductDependency;
			productName = UI;
		};
		D05617CE2FC61A440052C487 /* UI */ = {
			isa = XCSwiftPackageProductDependency;
			productName = UI;
		};
/* End XCSwiftPackageProductDependency section */
	};
	rootObject = D07F3CD72FBE35C1001B5E0B /* Project object */;
}
