{
  "originHash" : "5ddcd542cb0c89a44469ea596a922ea4b002897ba4aee76a0eb8b03115a34e84",
  "pins" : [
    {
      "identity" : "apollo-ios",
      "kind" : "remoteSourceControl",
      "location" : "https://github.com/vaariance/apollo-ios.git",
      "state" : {
        "branch" : "jextract-portable",
        "revision" : "abd0ff0537df1fb3f5305f927a219cc320924838"
      }
    },
    {
      "identity" : "appauth-ios",
      "kind" : "remoteSourceControl",
      "location" : "https://github.com/openid/AppAuth-iOS.git",
      "state" : {
        "revision" : "2781038865a80e2c425a1da12cc1327bcd56501f",
        "version" : "1.7.6"
      }
    },
    {
      "identity" : "bigint",
      "kind" : "remoteSourceControl",
      "location" : "https://github.com/attaswift/BigInt.git",
      "state" : {
        "revision" : "e07e00fa1fd435143a2dcf8b7eec9a7710b2fdfe",
        "version" : "5.7.0"
      }
    },
    {
      "identity" : "cryptoswift",
      "kind" : "remoteSourceControl",
      "location" : "https://github.com/krzyzanowskim/CryptoSwift.git",
      "state" : {
        "revision" : "f2a627b84c1ff96f21ac2fcb623ab36142dd5512",
        "version" : "1.10.0"
      }
    },
    {
      "identity" : "ed25519swift",
      "kind" : "remoteSourceControl",
      "location" : "https://github.com/pebble8888/ed25519swift.git",
      "state" : {
        "revision" : "1e821f5516049f5b83aca8cb3b982910cf8c028c",
        "version" : "1.2.8"
      }
    },
    {
      "identity" : "googlesignin-ios",
      "kind" : "remoteSourceControl",
      "location" : "https://github.com/google/GoogleSignIn-iOS.git",
      "state" : {
        "revision" : "a7965d134c5d3567026c523e0a8a583f73b62b0d",
        "version" : "7.1.0"
      }
    },
    {
      "identity" : "gtm-session-fetcher",
      "kind" : "remoteSourceControl",
      "location" : "https://github.com/google/gtm-session-fetcher.git",
      "state" : {
        "revision" : "a2ab612cb980066ee56d90d60d8462992c07f24b",
        "version" : "3.5.0"
      }
    },
    {
      "identity" : "gtmappauth",
      "kind" : "remoteSourceControl",
      "location" : "https://github.com/google/GTMAppAuth.git",
      "state" : {
        "revision" : "5d7d66f647400952b1758b230e019b07c0b4b22a",
        "version" : "4.1.1"
      }
    },
    {
      "identity" : "jwtdecode.swift",
      "kind" : "remoteSourceControl",
      "location" : "https://github.com/auth0/JWTDecode.swift",
      "state" : {
        "revision" : "36a5ce735a61c4bc119593f43ce2c027b4ca7392",
        "version" : "3.3.0"
      }
    },
    {
      "identity" : "swift-asn1",
      "kind" : "remoteSourceControl",
      "location" : "https://github.com/apple/swift-asn1.git",
      "state" : {
        "revision" : "eb50cbd14606a9161cbc5d452f18797c90ef0bab",
        "version" : "1.7.0"
      }
    },
    {
      "identity" : "swift-crypto",
      "kind" : "remoteSourceControl",
      "location" : "https://github.com/apple/swift-crypto.git",
      "state" : {
        "revision" : "95ba0316a9b733e92bb6b071255ff46263bbe7dc",
        "version" : "3.15.1"
      }
    },
    {
      "identity" : "swiftyjson",
      "kind" : "remoteSourceControl",
      "location" : "https://github.com/SwiftyJSON/SwiftyJSON.git",
      "state" : {
        "revision" : "2b6054efa051565954e1d2b9da831680026cd768",
        "version" : "4.3.0"
      }
    },
    {
      "identity" : "uint256",
      "kind" : "remoteSourceControl",
      "location" : "https://github.com/MarcoDotIO/UInt256.git",
      "state" : {
        "revision" : "ea633500311c4fd0711ff58ea8182d28745dee6e",
        "version" : "1.0.0"
      }
    }
  ],
  "version" : 3
}
