{
  "originHash" : "8e82ce11200e18a55b542c6538d9c292fed85a382e710de386f4c091600ee8d2",
  "pins" : [
    {
      "identity" : "alerttoast",
      "kind" : "remoteSourceControl",
      "location" : "https://github.com/elai950/AlertToast",
      "state" : {
        "revision" : "b39252eacd159904afd7d718bba0afabb87f2f2f",
        "version" : "1.3.9"
      }
    }
  ],
  "version" : 3
}
