{
  "originHash" : "8e0b6dc1ceae5c71663d1e06bf4e4e89758c696cf9032494492bd7f5d8a3ff45",
  "pins" : [
    {
      "identity" : "swiftui-toasts",
      "kind" : "remoteSourceControl",
      "location" : "https://github.com/sunghyun-k/swiftui-toasts",
      "state" : {
        "revision" : "2b3b062f4d485de6ddc03797e5dbb81c261bf78b",
        "version" : "1.1.2"
      }
    },
    {
      "identity" : "swiftui-window-overlay",
      "kind" : "remoteSourceControl",
      "location" : "https://github.com/sunghyun-k/swiftui-window-overlay.git",
      "state" : {
        "revision" : "46739300713772a62a3bf31d77f8f23ba9cf61f7",
        "version" : "1.0.2"
      }
    }
  ],
  "version" : 3
}
